
Microsoft Visual Studio Solution File, Format Version 12.00
# Visual Studio Version 17
VisualStudioVersion = 17.4.33110.190
MinimumVisualStudioVersion = 10.0.40219.1
Project("{FAE04EC0-301F-11D3-BF4B-00C04F79EFBC}") = "BakeryPractice", "BakeryPractice\BakeryPractice.csproj", "{B6C1C9FD-34B2-4FF6-9984-AA5B9809CFBA}"
EndProject
Global
	GlobalSection(SolutionConfigurationPlatforms) = preSolution
		Debug|Any CPU = Debug|Any CPU
		Release|Any CPU = Release|Any CPU
	EndGlobalSection
	GlobalSection(ProjectConfigurationPlatforms) = postSolution
		{B6C1C9FD-34B2-4FF6-9984-AA5B9809CFBA}.Debug|Any CPU.ActiveCfg = Debug|Any CPU
		{B6C1C9FD-34B2-4FF6-9984-AA5B9809CFBA}.Debug|Any CPU.Build.0 = Debug|Any CPU
		{B6C1C9FD-34B2-4FF6-9984-AA5B9809CFBA}.Release|Any CPU.ActiveCfg = Release|Any CPU
		{B6C1C9FD-34B2-4FF6-9984-AA5B9809CFBA}.Release|Any CPU.Build.0 = Release|Any CPU
	EndGlobalSection
	GlobalSection(SolutionProperties) = preSolution
		HideSolutionNode = FALSE
	EndGlobalSection
	GlobalSection(ExtensibilityGlobals) = postSolution
		SolutionGuid = {E7022418-C3DF-4E8C-B857-585FFB3F60CE}
	EndGlobalSection
EndGlobal
